
Microsoft Visual Studio Solution File, Format Version 12.00
# Visual Studio Version 17
VisualStudioVersion = 17.0.31903.59
MinimumVisualStudioVersion = 10.0.40219.1
Project("{8BC9CEB8-8B4A-11D0-8D11-00A0C91BC942}") = "交换数值", "交换数值.vcxproj", "{16F274EB-6AC6-44D8-9890-AC5DF38E502D}"
EndProject
Global
	GlobalSection(SolutionConfigurationPlatforms) = preSolution
		Debug|x64 = Debug|x64
		Debug|x86 = Debug|x86
		Release|x64 = Release|x64
		Release|x86 = Release|x86
	EndGlobalSection
	GlobalSection(ProjectConfigurationPlatforms) = postSolution
		{16F274EB-6AC6-44D8-9890-AC5DF38E502D}.Debug|x64.ActiveCfg = Debug|x64
		{16F274EB-6AC6-44D8-9890-AC5DF38E502D}.Debug|x64.Build.0 = Debug|x64
		{16F274EB-6AC6-44D8-9890-AC5DF38E502D}.Debug|x86.ActiveCfg = Debug|Win32
		{16F274EB-6AC6-44D8-9890-AC5DF38E502D}.Debug|x86.Build.0 = Debug|Win32
		{16F274EB-6AC6-44D8-9890-AC5DF38E502D}.Release|x64.ActiveCfg = Release|x64
		{16F274EB-6AC6-44D8-9890-AC5DF38E502D}.Release|x64.Build.0 = Release|x64
		{16F274EB-6AC6-44D8-9890-AC5DF38E502D}.Release|x86.ActiveCfg = Release|Win32
		{16F274EB-6AC6-44D8-9890-AC5DF38E502D}.Release|x86.Build.0 = Release|Win32
	EndGlobalSection
	GlobalSection(SolutionProperties) = preSolution
		HideSolutionNode = FALSE
	EndGlobalSection
	GlobalSection(ExtensibilityGlobals) = postSolution
		SolutionGuid = {6420C7D4-510A-4470-A458-5E173F255FE5}
	EndGlobalSection
EndGlobal
